
Microsoft Visual Studio Solution File, Format Version 12.00
# Visual Studio Version 17
VisualStudioVersion = 17.14.36127.28
MinimumVisualStudioVersion = 10.0.40219.1
Project("{2150E333-8FDC-42A3-9474-1A3956D46DE8}") = "Solution Items", "Solution Items", "{8EC462FD-D22E-90A8-E5CE-7E832BA40C5D}"
EndProject
Project("{FAE04EC0-301F-11D3-BF4B-00C04F79EFBC}") = "Sovereign.Domain", "Sovereign.Domain\Sovereign.Domain.csproj", "{C0BB0352-9984-E626-967F-96AAE880DB94}"
EndProject
Project("{FAE04EC0-301F-11D3-BF4B-00C04F79EFBC}") = "Sovereign.Application", "Sovereign.Application\Sovereign.Application.csproj", "{4D2ABABA-B3FB-6B4E-85E1-AD6208221862}"
EndProject
Project("{FAE04EC0-301F-11D3-BF4B-00C04F79EFBC}") = "Sovereign.Infrastructure", "Sovereign.Infrastructure\Sovereign.Infrastructure.csproj", "{0151BC19-2F89-D18F-A7AB-E8B970B5CFE3}"
EndProject
Project("{FAE04EC0-301F-11D3-BF4B-00C04F79EFBC}") = "Sovereign.API", "Sovereign.API\Sovereign.API.csproj", "{93242334-B6C0-0B05-D0AF-BE18094FDE0C}"
EndProject
Project("{FAE04EC0-301F-11D3-BF4B-00C04F79EFBC}") = "Sovereign.Intelligence", "Sovereign.Intelligence\Sovereign.Intelligence.csproj", "{5511D77A-925B-A057-D33B-2C2E22469E58}"
EndProject
Project("{FAE04EC0-301F-11D3-BF4B-00C04F79EFBC}") = "Sovereign.API.IntegrationTests", "Sovereign.API.IntegrationTests\Sovereign.API.IntegrationTests.csproj", "{762C9BAD-2D78-4F54-A592-7A782BFC91E4}"
EndProject
Project("{2150E333-8FDC-42A3-9474-1A3956D46DE8}") = "Sovereign.Extension", "Sovereign.Extension", "{02EA681E-C7D8-13C7-8484-4AC65E1B71E8}"
	ProjectSection(SolutionItems) = preProject
		Sovereign.Extension\background.js = Sovereign.Extension\background.js
		Sovereign.Extension\content.js = Sovereign.Extension\content.js
		Sovereign.Extension\manifest.json = Sovereign.Extension\manifest.json
		Sovereign.Extension\popup.html = Sovereign.Extension\popup.html
		Sovereign.Extension\popup.js = Sovereign.Extension\popup.js
	EndProjectSection
EndProject
Global
	GlobalSection(SolutionConfigurationPlatforms) = preSolution
		Debug|Any CPU = Debug|Any CPU
		Release|Any CPU = Release|Any CPU
	EndGlobalSection
	GlobalSection(ProjectConfigurationPlatforms) = postSolution
		{C0BB0352-9984-E626-967F-96AAE880DB94}.Debug|Any CPU.ActiveCfg = Debug|Any CPU
		{C0BB0352-9984-E626-967F-96AAE880DB94}.Debug|Any CPU.Build.0 = Debug|Any CPU
		{C0BB0352-9984-E626-967F-96AAE880DB94}.Release|Any CPU.ActiveCfg = Release|Any CPU
		{C0BB0352-9984-E626-967F-96AAE880DB94}.Release|Any CPU.Build.0 = Release|Any CPU
		{4D2ABABA-B3FB-6B4E-85E1-AD6208221862}.Debug|Any CPU.ActiveCfg = Debug|Any CPU
		{4D2ABABA-B3FB-6B4E-85E1-AD6208221862}.Debug|Any CPU.Build.0 = Debug|Any CPU
		{4D2ABABA-B3FB-6B4E-85E1-AD6208221862}.Release|Any CPU.ActiveCfg = Release|Any CPU
		{4D2ABABA-B3FB-6B4E-85E1-AD6208221862}.Release|Any CPU.Build.0 = Release|Any CPU
		{0151BC19-2F89-D18F-A7AB-E8B970B5CFE3}.Debug|Any CPU.ActiveCfg = Debug|Any CPU
		{0151BC19-2F89-D18F-A7AB-E8B970B5CFE3}.Debug|Any CPU.Build.0 = Debug|Any CPU
		{0151BC19-2F89-D18F-A7AB-E8B970B5CFE3}.Release|Any CPU.ActiveCfg = Release|Any CPU
		{0151BC19-2F89-D18F-A7AB-E8B970B5CFE3}.Release|Any CPU.Build.0 = Release|Any CPU
		{93242334-B6C0-0B05-D0AF-BE18094FDE0C}.Debug|Any CPU.ActiveCfg = Debug|Any CPU
		{93242334-B6C0-0B05-D0AF-BE18094FDE0C}.Debug|Any CPU.Build.0 = Debug|Any CPU
		{93242334-B6C0-0B05-D0AF-BE18094FDE0C}.Release|Any CPU.ActiveCfg = Release|Any CPU
		{93242334-B6C0-0B05-D0AF-BE18094FDE0C}.Release|Any CPU.Build.0 = Release|Any CPU
		{5511D77A-925B-A057-D33B-2C2E22469E58}.Debug|Any CPU.ActiveCfg = Debug|Any CPU
		{5511D77A-925B-A057-D33B-2C2E22469E58}.Debug|Any CPU.Build.0 = Debug|Any CPU
		{5511D77A-925B-A057-D33B-2C2E22469E58}.Release|Any CPU.ActiveCfg = Release|Any CPU
		{5511D77A-925B-A057-D33B-2C2E22469E58}.Release|Any CPU.Build.0 = Release|Any CPU
		{762C9BAD-2D78-4F54-A592-7A782BFC91E4}.Debug|Any CPU.ActiveCfg = Debug|Any CPU
		{762C9BAD-2D78-4F54-A592-7A782BFC91E4}.Debug|Any CPU.Build.0 = Debug|Any CPU
		{762C9BAD-2D78-4F54-A592-7A782BFC91E4}.Release|Any CPU.ActiveCfg = Release|Any CPU
		{762C9BAD-2D78-4F54-A592-7A782BFC91E4}.Release|Any CPU.Build.0 = Release|Any CPU
	EndGlobalSection
	GlobalSection(SolutionProperties) = preSolution
		HideSolutionNode = FALSE
	EndGlobalSection
	GlobalSection(ExtensibilityGlobals) = postSolution
		SolutionGuid = {B942C007-47EA-437F-A769-EF0E6A718C5D}
	EndGlobalSection
EndGlobal
